
Microsoft Visual Studio Solution File, Format Version 12.00
# Visual Studio 15
VisualStudioVersion = 15.0.28307.539
MinimumVisualStudioVersion = 10.0.40219.1
Project("{FAE04EC0-301F-11D3-BF4B-00C04F79EFBC}") = "prjFutShow", "prjFutShow\prjFutShow.csproj", "{BBA9D70B-F0A3-4BC3-A45B-DB218B162785}"
EndProject
Global
	GlobalSection(SolutionConfigurationPlatforms) = preSolution
		Debug|ARM = Debug|ARM
		Debug|ARM64 = Debug|ARM64
		Debug|x64 = Debug|x64
		Debug|x86 = Debug|x86
		Release|ARM = Release|ARM
		Release|ARM64 = Release|ARM64
		Release|x64 = Release|x64
		Release|x86 = Release|x86
	EndGlobalSection
	GlobalSection(ProjectConfigurationPlatforms) = postSolution
		{BBA9D70B-F0A3-4BC3-A45B-DB218B162785}.Debug|ARM.ActiveCfg = Debug|ARM
		{BBA9D70B-F0A3-4BC3-A45B-DB218B162785}.Debug|ARM.Build.0 = Debug|ARM
		{BBA9D70B-F0A3-4BC3-A45B-DB218B162785}.Debug|ARM.Deploy.0 = Debug|ARM
		{BBA9D70B-F0A3-4BC3-A45B-DB218B162785}.Debug|ARM64.ActiveCfg = Debug|ARM64
		{BBA9D70B-F0A3-4BC3-A45B-DB218B162785}.Debug|ARM64.Build.0 = Debug|ARM64
		{BBA9D70B-F0A3-4BC3-A45B-DB218B162785}.Debug|ARM64.Deploy.0 = Debug|ARM64
		{BBA9D70B-F0A3-4BC3-A45B-DB218B162785}.Debug|x64.ActiveCfg = Debug|x64
		{BBA9D70B-F0A3-4BC3-A45B-DB218B162785}.Debug|x64.Build.0 = Debug|x64
		{BBA9D70B-F0A3-4BC3-A45B-DB218B162785}.Debug|x64.Deploy.0 = Debug|x64
		{BBA9D70B-F0A3-4BC3-A45B-DB218B162785}.Debug|x86.ActiveCfg = Debug|x86
		{BBA9D70B-F0A3-4BC3-A45B-DB218B162785}.Debug|x86.Build.0 = Debug|x86
		{BBA9D70B-F0A3-4BC3-A45B-DB218B162785}.Debug|x86.Deploy.0 = Debug|x86
		{BBA9D70B-F0A3-4BC3-A45B-DB218B162785}.Release|ARM.ActiveCfg = Release|ARM
		{BBA9D70B-F0A3-4BC3-A45B-DB218B162785}.Release|ARM.Build.0 = Release|ARM
		{BBA9D70B-F0A3-4BC3-A45B-DB218B162785}.Release|ARM.Deploy.0 = Release|ARM
		{BBA9D70B-F0A3-4BC3-A45B-DB218B162785}.Release|ARM64.ActiveCfg = Release|ARM64
		{BBA9D70B-F0A3-4BC3-A45B-DB218B162785}.Release|ARM64.Build.0 = Release|ARM64
		{BBA9D70B-F0A3-4BC3-A45B-DB218B162785}.Release|ARM64.Deploy.0 = Release|ARM64
		{BBA9D70B-F0A3-4BC3-A45B-DB218B162785}.Release|x64.ActiveCfg = Release|x64
		{BBA9D70B-F0A3-4BC3-A45B-DB218B162785}.Release|x64.Build.0 = Release|x64
		{BBA9D70B-F0A3-4BC3-A45B-DB218B162785}.Release|x64.Deploy.0 = Release|x64
		{BBA9D70B-F0A3-4BC3-A45B-DB218B162785}.Release|x86.ActiveCfg = Release|x86
		{BBA9D70B-F0A3-4BC3-A45B-DB218B162785}.Release|x86.Build.0 = Release|x86
		{BBA9D70B-F0A3-4BC3-A45B-DB218B162785}.Release|x86.Deploy.0 = Release|x86
	EndGlobalSection
	GlobalSection(SolutionProperties) = preSolution
		HideSolutionNode = FALSE
	EndGlobalSection
	GlobalSection(ExtensibilityGlobals) = postSolution
		SolutionGuid = {62FB5584-142A-4760-9524-E5D1DAC6FCB5}
	EndGlobalSection
EndGlobal
